
Microsoft Visual Studio Solution File, Format Version 12.00
# Visual Studio 14
VisualStudioVersion = 14.0.23107.0
MinimumVisualStudioVersion = 10.0.40219.1
Project("{FAE04EC0-301F-11D3-BF4B-00C04F79EFBC}") = "OperationsWorkbench", "WindowsFormsApplication1\OperationsWorkbench.csproj", "{3DA6A5A0-C8DE-4951-B215-49A8CE4F2AAF}"
EndProject
Global
	GlobalSection(SolutionConfigurationPlatforms) = preSolution
		Debug|Any CPU = Debug|Any CPU
		Release|Any CPU = Release|Any CPU
	EndGlobalSection
	GlobalSection(ProjectConfigurationPlatforms) = postSolution
		{3DA6A5A0-C8DE-4951-B215-49A8CE4F2AAF}.Debug|Any CPU.ActiveCfg = Debug|Any CPU
		{3DA6A5A0-C8DE-4951-B215-49A8CE4F2AAF}.Debug|Any CPU.Build.0 = Debug|Any CPU
		{3DA6A5A0-C8DE-4951-B215-49A8CE4F2AAF}.Release|Any CPU.ActiveCfg = Release|Any CPU
		{3DA6A5A0-C8DE-4951-B215-49A8CE4F2AAF}.Release|Any CPU.Build.0 = Release|Any CPU
	EndGlobalSection
	GlobalSection(SolutionProperties) = preSolution
		HideSolutionNode = FALSE
	EndGlobalSection
EndGlobal
